version = 1
requires-python = ">=3.12"

[[package]]
name = "colorama"
version = "0.4.6"
source = { registry = "https://pypi.org/simple" }
sdist = { url = "https://files.pythonhosted.org/packages/d8/53/6f443c9a4a8358a93a6792e2acffb9d9d5cb0a5cfd8802644b7b1c9a02e4/colorama-0.4.6.tar.gz", hash = "sha256:08695f5cb7ed6e0531a20572697297273c47b8cae5a63ffc6d6ed5c201be6e44", size = 27697 }
wheels = [
    { url = "https://files.pythonhosted.org/packages/d1/d6/3965ed04c63042e047cb6a3e6ed1a63a35087b6a609aa3a15ed8ac56c221/colorama-0.4.6-py2.py3-none-any.whl", hash = "sha256:4f1d9991f5acc0ca119f9d443620b77f9d6b33703e51011c16baf57afb285fc6", size = 25335 },
]

[[package]]
name = "dill"
version = "0.3.9"
source = { registry = "https://pypi.org/simple" }
sdist = { url = "https://files.pythonhosted.org/packages/70/43/86fe3f9e130c4137b0f1b50784dd70a5087b911fe07fa81e53e0c4c47fea/dill-0.3.9.tar.gz", hash = "sha256:81aa267dddf68cbfe8029c42ca9ec6a4ab3b22371d1c450abc54422577b4512c", size = 187000 }
wheels = [
    { url = "https://files.pythonhosted.org/packages/46/d1/e73b6ad76f0b1fb7f23c35c6d95dbc506a9c8804f43dda8cb5b0fa6331fd/dill-0.3.9-py3-none-any.whl", hash = "sha256:468dff3b89520b474c0397703366b7b95eebe6303f108adf9b19da1f702be87a", size = 119418 },
]

[[package]]
name = "lique"
version = "0.1.0"
source = { virtual = "." }
dependencies = [
    { name = "qiskit" },
    { name = "tqdm" },
]

[package.metadata]
requires-dist = [
    { name = "qiskit", specifier = ">=1.3.0" },
    { name = "tqdm", specifier = ">=4.67.1" },
]

[[package]]
name = "mpmath"
version = "1.3.0"
source = { registry = "https://pypi.org/simple" }
sdist = { url = "https://files.pythonhosted.org/packages/e0/47/dd32fa426cc72114383ac549964eecb20ecfd886d1e5ccf5340b55b02f57/mpmath-1.3.0.tar.gz", hash = "sha256:7a28eb2a9774d00c7bc92411c19a89209d5da7c4c9a9e227be8330a23a25b91f", size = 508106 }
wheels = [
    { url = "https://files.pythonhosted.org/packages/43/e3/7d92a15f894aa0c9c4b49b8ee9ac9850d6e63b03c9c32c0367a13ae62209/mpmath-1.3.0-py3-none-any.whl", hash = "sha256:a0b2b9fe80bbcd81a6647ff13108738cfb482d481d826cc0e02f5b35e5c88d2c", size = 536198 },
]

[[package]]
name = "numpy"
version = "2.1.3"
source = { registry = "https://pypi.org/simple" }
sdist = { url = "https://files.pythonhosted.org/packages/25/ca/1166b75c21abd1da445b97bf1fa2f14f423c6cfb4fc7c4ef31dccf9f6a94/numpy-2.1.3.tar.gz", hash = "sha256:aa08e04e08aaf974d4458def539dece0d28146d866a39da5639596f4921fd761", size = 20166090 }
wheels = [
    { url = "https://files.pythonhosted.org/packages/8a/f0/385eb9970309643cbca4fc6eebc8bb16e560de129c91258dfaa18498da8b/numpy-2.1.3-cp312-cp312-macosx_10_13_x86_64.whl", hash = "sha256:f55ba01150f52b1027829b50d70ef1dafd9821ea82905b63936668403c3b471e", size = 20849658 },
    { url = "https://files.pythonhosted.org/packages/54/4a/765b4607f0fecbb239638d610d04ec0a0ded9b4951c56dc68cef79026abf/numpy-2.1.3-cp312-cp312-macosx_11_0_arm64.whl", hash = "sha256:13138eadd4f4da03074851a698ffa7e405f41a0845a6b1ad135b81596e4e9958", size = 13492258 },
    { url = "https://files.pythonhosted.org/packages/bd/a7/2332679479c70b68dccbf4a8eb9c9b5ee383164b161bee9284ac141fbd33/numpy-2.1.3-cp312-cp312-macosx_14_0_arm64.whl", hash = "sha256:a6b46587b14b888e95e4a24d7b13ae91fa22386c199ee7b418f449032b2fa3b8", size = 5090249 },
    { url = "https://files.pythonhosted.org/packages/c1/67/4aa00316b3b981a822c7a239d3a8135be2a6945d1fd11d0efb25d361711a/numpy-2.1.3-cp312-cp312-macosx_14_0_x86_64.whl", hash = "sha256:0fa14563cc46422e99daef53d725d0c326e99e468a9320a240affffe87852564", size = 6621704 },
    { url = "https://files.pythonhosted.org/packages/5e/da/1a429ae58b3b6c364eeec93bf044c532f2ff7b48a52e41050896cf15d5b1/numpy-2.1.3-cp312-cp312-manylinux_2_17_aarch64.manylinux2014_aarch64.whl", hash = "sha256:8637dcd2caa676e475503d1f8fdb327bc495554e10838019651b76d17b98e512", size = 13606089 },
    { url = "https://files.pythonhosted.org/packages/9e/3e/3757f304c704f2f0294a6b8340fcf2be244038be07da4cccf390fa678a9f/numpy-2.1.3-cp312-cp312-manylinux_2_17_x86_64.manylinux2014_x86_64.whl", hash = "sha256:2312b2aa89e1f43ecea6da6ea9a810d06aae08321609d8dc0d0eda6d946a541b", size = 16043185 },
    { url = "https://files.pythonhosted.org/packages/43/97/75329c28fea3113d00c8d2daf9bc5828d58d78ed661d8e05e234f86f0f6d/numpy-2.1.3-cp312-cp312-musllinux_1_1_x86_64.whl", hash = "sha256:a38c19106902bb19351b83802531fea19dee18e5b37b36454f27f11ff956f7fc", size = 16410751 },
    { url = "https://files.pythonhosted.org/packages/ad/7a/442965e98b34e0ae9da319f075b387bcb9a1e0658276cc63adb8c9686f7b/numpy-2.1.3-cp312-cp312-musllinux_1_2_aarch64.whl", hash = "sha256:02135ade8b8a84011cbb67dc44e07c58f28575cf9ecf8ab304e51c05528c19f0", size = 14082705 },
    { url = "https://files.pythonhosted.org/packages/ac/b6/26108cf2cfa5c7e03fb969b595c93131eab4a399762b51ce9ebec2332e80/numpy-2.1.3-cp312-cp312-win32.whl", hash = "sha256:e6988e90fcf617da2b5c78902fe8e668361b43b4fe26dbf2d7b0f8034d4cafb9", size = 6239077 },
    { url = "https://files.pythonhosted.org/packages/a6/84/fa11dad3404b7634aaab50733581ce11e5350383311ea7a7010f464c0170/numpy-2.1.3-cp312-cp312-win_amd64.whl", hash = "sha256:0d30c543f02e84e92c4b1f415b7c6b5326cbe45ee7882b6b77db7195fb971e3a", size = 12566858 },
    { url = "https://files.pythonhosted.org/packages/4d/0b/620591441457e25f3404c8057eb924d04f161244cb8a3680d529419aa86e/numpy-2.1.3-cp313-cp313-macosx_10_13_x86_64.whl", hash = "sha256:96fe52fcdb9345b7cd82ecd34547fca4321f7656d500eca497eb7ea5a926692f", size = 20836263 },
    { url = "https://files.pythonhosted.org/packages/45/e1/210b2d8b31ce9119145433e6ea78046e30771de3fe353f313b2778142f34/numpy-2.1.3-cp313-cp313-macosx_11_0_arm64.whl", hash = "sha256:f653490b33e9c3a4c1c01d41bc2aef08f9475af51146e4a7710c450cf9761598", size = 13507771 },
    { url = "https://files.pythonhosted.org/packages/55/44/aa9ee3caee02fa5a45f2c3b95cafe59c44e4b278fbbf895a93e88b308555/numpy-2.1.3-cp313-cp313-macosx_14_0_arm64.whl", hash = "sha256:dc258a761a16daa791081d026f0ed4399b582712e6fc887a95af09df10c5ca57", size = 5075805 },
    { url = "https://files.pythonhosted.org/packages/78/d6/61de6e7e31915ba4d87bbe1ae859e83e6582ea14c6add07c8f7eefd8488f/numpy-2.1.3-cp313-cp313-macosx_14_0_x86_64.whl", hash = "sha256:016d0f6f5e77b0f0d45d77387ffa4bb89816b57c835580c3ce8e099ef830befe", size = 6608380 },
    { url = "https://files.pythonhosted.org/packages/3e/46/48bdf9b7241e317e6cf94276fe11ba673c06d1fdf115d8b4ebf616affd1a/numpy-2.1.3-cp313-cp313-manylinux_2_17_aarch64.manylinux2014_aarch64.whl", hash = "sha256:c181ba05ce8299c7aa3125c27b9c2167bca4a4445b7ce73d5febc411ca692e43", size = 13602451 },
    { url = "https://files.pythonhosted.org/packages/70/50/73f9a5aa0810cdccda9c1d20be3cbe4a4d6ea6bfd6931464a44c95eef731/numpy-2.1.3-cp313-cp313-manylinux_2_17_x86_64.manylinux2014_x86_64.whl", hash = "sha256:5641516794ca9e5f8a4d17bb45446998c6554704d888f86df9b200e66bdcce56", size = 16039822 },
    { url = "https://files.pythonhosted.org/packages/ad/cd/098bc1d5a5bc5307cfc65ee9369d0ca658ed88fbd7307b0d49fab6ca5fa5/numpy-2.1.3-cp313-cp313-musllinux_1_1_x86_64.whl", hash = "sha256:ea4dedd6e394a9c180b33c2c872b92f7ce0f8e7ad93e9585312b0c5a04777a4a", size = 16411822 },
    { url = "https://files.pythonhosted.org/packages/83/a2/7d4467a2a6d984549053b37945620209e702cf96a8bc658bc04bba13c9e2/numpy-2.1.3-cp313-cp313-musllinux_1_2_aarch64.whl", hash = "sha256:b0df3635b9c8ef48bd3be5f862cf71b0a4716fa0e702155c45067c6b711ddcef", size = 14079598 },
    { url = "https://files.pythonhosted.org/packages/e9/6a/d64514dcecb2ee70bfdfad10c42b76cab657e7ee31944ff7a600f141d9e9/numpy-2.1.3-cp313-cp313-win32.whl", hash = "sha256:50ca6aba6e163363f132b5c101ba078b8cbd3fa92c7865fd7d4d62d9779ac29f", size = 6236021 },
    { url = "https://files.pythonhosted.org/packages/bb/f9/12297ed8d8301a401e7d8eb6b418d32547f1d700ed3c038d325a605421a4/numpy-2.1.3-cp313-cp313-win_amd64.whl", hash = "sha256:747641635d3d44bcb380d950679462fae44f54b131be347d5ec2bce47d3df9ed", size = 12560405 },
    { url = "https://files.pythonhosted.org/packages/a7/45/7f9244cd792e163b334e3a7f02dff1239d2890b6f37ebf9e82cbe17debc0/numpy-2.1.3-cp313-cp313t-macosx_10_13_x86_64.whl", hash = "sha256:996bb9399059c5b82f76b53ff8bb686069c05acc94656bb259b1d63d04a9506f", size = 20859062 },
    { url = "https://files.pythonhosted.org/packages/b1/b4/a084218e7e92b506d634105b13e27a3a6645312b93e1c699cc9025adb0e1/numpy-2.1.3-cp313-cp313t-macosx_11_0_arm64.whl", hash = "sha256:45966d859916ad02b779706bb43b954281db43e185015df6eb3323120188f9e4", size = 13515839 },
    { url = "https://files.pythonhosted.org/packages/27/45/58ed3f88028dcf80e6ea580311dc3edefdd94248f5770deb980500ef85dd/numpy-2.1.3-cp313-cp313t-macosx_14_0_arm64.whl", hash = "sha256:baed7e8d7481bfe0874b566850cb0b85243e982388b7b23348c6db2ee2b2ae8e", size = 5116031 },
    { url = "https://files.pythonhosted.org/packages/37/a8/eb689432eb977d83229094b58b0f53249d2209742f7de529c49d61a124a0/numpy-2.1.3-cp313-cp313t-macosx_14_0_x86_64.whl", hash = "sha256:a9f7f672a3388133335589cfca93ed468509cb7b93ba3105fce780d04a6576a0", size = 6629977 },
    { url = "https://files.pythonhosted.org/packages/42/a3/5355ad51ac73c23334c7caaed01adadfda49544f646fcbfbb4331deb267b/numpy-2.1.3-cp313-cp313t-manylinux_2_17_aarch64.manylinux2014_aarch64.whl", hash = "sha256:d7aac50327da5d208db2eec22eb11e491e3fe13d22653dce51b0f4109101b408", size = 13575951 },
    { url = "https://files.pythonhosted.org/packages/c4/70/ea9646d203104e647988cb7d7279f135257a6b7e3354ea6c56f8bafdb095/numpy-2.1.3-cp313-cp313t-manylinux_2_17_x86_64.manylinux2014_x86_64.whl", hash = "sha256:4394bc0dbd074b7f9b52024832d16e019decebf86caf909d94f6b3f77a8ee3b6", size = 16022655 },
    { url = "https://files.pythonhosted.org/packages/14/ce/7fc0612903e91ff9d0b3f2eda4e18ef9904814afcae5b0f08edb7f637883/numpy-2.1.3-cp313-cp313t-musllinux_1_1_x86_64.whl", hash = "sha256:50d18c4358a0a8a53f12a8ba9d772ab2d460321e6a93d6064fc22443d189853f", size = 16399902 },
    { url = "https://files.pythonhosted.org/packages/ef/62/1d3204313357591c913c32132a28f09a26357e33ea3c4e2fe81269e0dca1/numpy-2.1.3-cp313-cp313t-musllinux_1_2_aarch64.whl", hash = "sha256:14e253bd43fc6b37af4921b10f6add6925878a42a0c5fe83daee390bca80bc17", size = 14067180 },
    { url = "https://files.pythonhosted.org/packages/24/d7/78a40ed1d80e23a774cb8a34ae8a9493ba1b4271dde96e56ccdbab1620ef/numpy-2.1.3-cp313-cp313t-win32.whl", hash = "sha256:08788d27a5fd867a663f6fc753fd7c3ad7e92747efc73c53bca2f19f8bc06f48", size = 6291907 },
    { url = "https://files.pythonhosted.org/packages/86/09/a5ab407bd7f5f5599e6a9261f964ace03a73e7c6928de906981c31c38082/numpy-2.1.3-cp313-cp313t-win_amd64.whl", hash = "sha256:2564fbdf2b99b3f815f2107c1bbc93e2de8ee655a69c261363a1172a79a257d4", size = 12644098 },
]

[[package]]
name = "pbr"
version = "6.1.0"
source = { registry = "https://pypi.org/simple" }
sdist = { url = "https://files.pythonhosted.org/packages/b2/35/80cf8f6a4f34017a7fe28242dc45161a1baa55c41563c354d8147e8358b2/pbr-6.1.0.tar.gz", hash = "sha256:788183e382e3d1d7707db08978239965e8b9e4e5ed42669bf4758186734d5f24", size = 124032 }
wheels = [
    { url = "https://files.pythonhosted.org/packages/1d/44/6a65ecd630393d47ad3e7d5354768cb7f9a10b3a0eb2cd8c6f52b28211ee/pbr-6.1.0-py2.py3-none-any.whl", hash = "sha256:a776ae228892d8013649c0aeccbb3d5f99ee15e005a4cbb7e61d55a067b28a2a", size = 108529 },
]

[[package]]
name = "python-dateutil"
version = "2.9.0.post0"
source = { registry = "https://pypi.org/simple" }
dependencies = [
    { name = "six" },
]
sdist = { url = "https://files.pythonhosted.org/packages/66/c0/0c8b6ad9f17a802ee498c46e004a0eb49bc148f2fd230864601a86dcf6db/python-dateutil-2.9.0.post0.tar.gz", hash = "sha256:37dd54208da7e1cd875388217d5e00ebd4179249f90fb72437e91a35459a0ad3", size = 342432 }
wheels = [
    { url = "https://files.pythonhosted.org/packages/ec/57/56b9bcc3c9c6a792fcbaf139543cee77261f3651ca9da0c93f5c1221264b/python_dateutil-2.9.0.post0-py2.py3-none-any.whl", hash = "sha256:a8b2bc7bffae282281c8140a97d3aa9c14da0b136dfe83f850eea9a5f7470427", size = 229892 },
]

[[package]]
name = "qiskit"
version = "1.3.0"
source = { registry = "https://pypi.org/simple" }
dependencies = [
    { name = "dill" },
    { name = "numpy" },
    { name = "python-dateutil" },
    { name = "rustworkx" },
    { name = "scipy" },
    { name = "stevedore" },
    { name = "symengine" },
    { name = "sympy" },
    { name = "typing-extensions" },
]
sdist = { url = "https://files.pythonhosted.org/packages/03/f6/02132670bdc688afe720d85fb5c8d98641e585f80e139db572f9712cadd7/qiskit-1.3.0.tar.gz", hash = "sha256:876aea2a215a990fa6e529fba5523c510a662332d86be96fd93c9ee2ee164578", size = 3908308 }
wheels = [
    { url = "https://files.pythonhosted.org/packages/ed/19/01b1e1cf1f6eb8b20b18c83b7ef8c266c0d89bcd23a62e3fea765c816029/qiskit-1.3.0-cp39-abi3-macosx_10_12_x86_64.whl", hash = "sha256:6162343c661e87e081aa2e2f28a8db9a31091d537ad4bc257f84295b8b12d6ad", size = 6482631 },
    { url = "https://files.pythonhosted.org/packages/03/67/8a4e508c42b7ebc1810cb2a3c7aff64eb4fcb9e8315d73c8d3bda3e46604/qiskit-1.3.0-cp39-abi3-macosx_11_0_arm64.whl", hash = "sha256:c17508907936e4c717a4322a10e478955ab98c687797fc2ad4171d377b6823f5", size = 6165918 },
    { url = "https://files.pythonhosted.org/packages/d7/76/4f5d5f23234d736c9256ed86da63413b2255501332ceb2ed7efdd8e99ea2/qiskit-1.3.0-cp39-abi3-manylinux_2_17_aarch64.manylinux2014_aarch64.whl", hash = "sha256:6dc8ee0807ea7d6a65cf9ea0b1ca3ea23a8c17d0e243ad20dc5566e71e5dd889", size = 6333278 },
    { url = "https://files.pythonhosted.org/packages/13/af/962dcfc83dd3bb3650955e538d5f470e6187f2116e73bbfc88789c5183ff/qiskit-1.3.0-cp39-abi3-manylinux_2_17_i686.manylinux2014_i686.whl", hash = "sha256:ad1b0c5a3595a6c3f285281b40009132b124e99349a82b00bdd6ae251ac0c051", size = 6693357 },
    { url = "https://files.pythonhosted.org/packages/df/90/1aa40af8c0c6d3cfdfe5814045e01a42a6d018f511a7296569f8824de3ca/qiskit-1.3.0-cp39-abi3-manylinux_2_17_ppc64le.manylinux2014_ppc64le.whl", hash = "sha256:629197937140c3588e468f2178591cff074ab67b90310edfb8b52a9c4c785d7f", size = 6730862 },
    { url = "https://files.pythonhosted.org/packages/3c/5d/8f003ff89d39061cfbc9b6734cffa8ad730bfa9d56719571055be0dbee91/qiskit-1.3.0-cp39-abi3-manylinux_2_17_s390x.manylinux2014_s390x.whl", hash = "sha256:b6160ef00a72907ea6d1deca37850647835421a9b850b08b156ece2555adb77f", size = 7941474 },
    { url = "https://files.pythonhosted.org/packages/d7/33/9d0911a65e9b5c5fc15ab74202d9934fb1162126271d2b0fafdfd2449645/qiskit-1.3.0-cp39-abi3-manylinux_2_17_x86_64.manylinux2014_x86_64.whl", hash = "sha256:1d1f0e3cb5e5f08e9a2354b2f6b3553cfaef1b39451e7aa2ad3c6d4f284ede48", size = 6733587 },
    { url = "https://files.pythonhosted.org/packages/a3/b4/e32b439126b73f6e1193daa7b79fe938a17598f2463cd576d548224efbc4/qiskit-1.3.0-cp39-abi3-win32.whl", hash = "sha256:79b9c9db39870a37d929b1cb9ec75e6c8faab85d97535e5c305c8580ceb721cc", size = 6112260 },
    { url = "https://files.pythonhosted.org/packages/2c/b9/bdabd25b1e67bdd29ee69e688237f3b2267f55db5cc72e4e5326bc96144a/qiskit-1.3.0-cp39-abi3-win_amd64.whl", hash = "sha256:00af64d770f6c198755254d0761d65f7757893b7a87fc1246bb3f1638d146175", size = 6484339 },
]

[[package]]
name = "rustworkx"
version = "0.15.1"
source = { registry = "https://pypi.org/simple" }
dependencies = [
    { name = "numpy" },
]
sdist = { url = "https://files.pythonhosted.org/packages/5e/07/1af3ead27f1da113a60dc6735c761da6fc2e2db4cfc414bbcd03a989ccee/rustworkx-0.15.1.tar.gz", hash = "sha256:0e0cc86599f979285b2ab9c357276f3272f3fcb3b2df5651a6bf9704c570d4c1", size = 342216 }
wheels = [
    { url = "https://files.pythonhosted.org/packages/37/06/adeed1d166c55920a6a83085e8c8c8b24c8d7708de99f7a814458a3c4529/rustworkx-0.15.1-cp38-abi3-macosx_10_12_x86_64.whl", hash = "sha256:6cd4496d3298cd3205c03545e48cc37d21e0455d57752af801d3fb250452d590", size = 1880966 },
    { url = "https://files.pythonhosted.org/packages/03/11/95350c7eeade2e61a736f1ca956ee04acb920b7b080ff0c058c40cc7bbf3/rustworkx-0.15.1-cp38-abi3-macosx_11_0_arm64.whl", hash = "sha256:cb518f5649e62d753e29ca1e57290c8f58adbebcd154dc3159f4a36ebfa1e2b7", size = 1707452 },
    { url = "https://files.pythonhosted.org/packages/2f/2b/494982ecc4618796aacb8069bc176d895cec4bf1ac8dd0b1d69657d920c4/rustworkx-0.15.1-cp38-abi3-manylinux_2_12_i686.manylinux2010_i686.manylinux_2_17_i686.manylinux2014_i686.whl", hash = "sha256:6ac68ae2515ece22ba3ef56f3d16ad6bf707955f650d623190b2e7d706c6dc92", size = 2009359 },
    { url = "https://files.pythonhosted.org/packages/7f/3c/23304cf86c4af6014884bde046073105ace6250b6a0914c1090f2643d03c/rustworkx-0.15.1-cp38-abi3-manylinux_2_17_aarch64.manylinux2014_aarch64.whl", hash = "sha256:8b903edec1d803704b499959f9d6f6119cdda63b9b64194a4b4307e506b112f0", size = 1862943 },
    { url = "https://files.pythonhosted.org/packages/b3/2a/03e6ff45cb772d249d4bf2d433a2acd2ec857615b3c1d44f0fa49e13aa63/rustworkx-0.15.1-cp38-abi3-manylinux_2_17_ppc64le.manylinux2014_ppc64le.whl", hash = "sha256:a2c97a56ff8a0f6c273a83e26e627c72207442b4252aa550acad0bff42caac40", size = 2029096 },
    { url = "https://files.pythonhosted.org/packages/15/88/a3710209f647d89358c81b5974aee48b1ab361fd016dcae81824e29ee645/rustworkx-0.15.1-cp38-abi3-manylinux_2_17_s390x.manylinux2014_s390x.whl", hash = "sha256:241c502532e348ba89200823326dba30de4df4b886cb2fd5a140b359ff124bb3", size = 3611892 },
    { url = "https://files.pythonhosted.org/packages/cb/a0/af448af28514e82f36e7431bc88e933ad043e5a95a7985bd9458a05877c6/rustworkx-0.15.1-cp38-abi3-manylinux_2_17_x86_64.manylinux2014_x86_64.whl", hash = "sha256:7e5f4156f46fa03177c9b0580450eab87786063495d48b457762a5bdd20c55e2", size = 1950466 },
    { url = "https://files.pythonhosted.org/packages/c6/fe/1e9a8a29c21080155b7422011a3c472aa45dbb3b8bb6f610958eb906a713/rustworkx-0.15.1-cp38-abi3-musllinux_1_1_aarch64.whl", hash = "sha256:7834ab34748db6214ec3b3836b996b23882dc83184234e6d346d6bb85fd58ae5", size = 1888003 },
    { url = "https://files.pythonhosted.org/packages/65/66/daf6fffadb749574f78cd70919e598371d40484993ed005ed5efbef28b4e/rustworkx-0.15.1-cp38-abi3-musllinux_1_1_x86_64.whl", hash = "sha256:ce53f173fed16e1d51d9df9f23475a16c981b03bf1a412d991c75a70db6b1dc1", size = 1976312 },
    { url = "https://files.pythonhosted.org/packages/d5/ea/9cbf42b4d9a2b6ad18736bc2149d2b2439075b70094232ba3494fd14845b/rustworkx-0.15.1-cp38-abi3-win32.whl", hash = "sha256:308bc76a01bcae9af4602d8b9ed58021df37dd0bb5a7b2e3831ae53c5e234ff0", size = 1683889 },
    { url = "https://files.pythonhosted.org/packages/9c/c6/50f5736f5dac1709c6c8b6ac3470f466fd793dd25c081923942caf13051f/rustworkx-0.15.1-cp38-abi3-win_amd64.whl", hash = "sha256:89077382633e918d2392772f53b9d6d30eee51eb536f8d38ee195c212b2f0427", size = 1840525 },
]

[[package]]
name = "scipy"
version = "1.14.1"
source = { registry = "https://pypi.org/simple" }
dependencies = [
    { name = "numpy" },
]
sdist = { url = "https://files.pythonhosted.org/packages/62/11/4d44a1f274e002784e4dbdb81e0ea96d2de2d1045b2132d5af62cc31fd28/scipy-1.14.1.tar.gz", hash = "sha256:5a275584e726026a5699459aa72f828a610821006228e841b94275c4a7c08417", size = 58620554 }
wheels = [
    { url = "https://files.pythonhosted.org/packages/c0/04/2bdacc8ac6387b15db6faa40295f8bd25eccf33f1f13e68a72dc3c60a99e/scipy-1.14.1-cp312-cp312-macosx_10_13_x86_64.whl", hash = "sha256:631f07b3734d34aced009aaf6fedfd0eb3498a97e581c3b1e5f14a04164a456d", size = 39128781 },
    { url = "https://files.pythonhosted.org/packages/c8/53/35b4d41f5fd42f5781dbd0dd6c05d35ba8aa75c84ecddc7d44756cd8da2e/scipy-1.14.1-cp312-cp312-macosx_12_0_arm64.whl", hash = "sha256:af29a935803cc707ab2ed7791c44288a682f9c8107bc00f0eccc4f92c08d6e07", size = 29939542 },
    { url = "https://files.pythonhosted.org/packages/66/67/6ef192e0e4d77b20cc33a01e743b00bc9e68fb83b88e06e636d2619a8767/scipy-1.14.1-cp312-cp312-macosx_14_0_arm64.whl", hash = "sha256:2843f2d527d9eebec9a43e6b406fb7266f3af25a751aa91d62ff416f54170bc5", size = 23148375 },
    { url = "https://files.pythonhosted.org/packages/f6/32/3a6dedd51d68eb7b8e7dc7947d5d841bcb699f1bf4463639554986f4d782/scipy-1.14.1-cp312-cp312-macosx_14_0_x86_64.whl", hash = "sha256:eb58ca0abd96911932f688528977858681a59d61a7ce908ffd355957f7025cfc", size = 25578573 },
    { url = "https://files.pythonhosted.org/packages/f0/5a/efa92a58dc3a2898705f1dc9dbaf390ca7d4fba26d6ab8cfffb0c72f656f/scipy-1.14.1-cp312-cp312-manylinux_2_17_aarch64.manylinux2014_aarch64.whl", hash = "sha256:30ac8812c1d2aab7131a79ba62933a2a76f582d5dbbc695192453dae67ad6310", size = 35319299 },
    { url = "https://files.pythonhosted.org/packages/8e/ee/8a26858ca517e9c64f84b4c7734b89bda8e63bec85c3d2f432d225bb1886/scipy-1.14.1-cp312-cp312-manylinux_2_17_x86_64.manylinux2014_x86_64.whl", hash = "sha256:8f9ea80f2e65bdaa0b7627fb00cbeb2daf163caa015e59b7516395fe3bd1e066", size = 40849331 },
    { url = "https://files.pythonhosted.org/packages/a5/cd/06f72bc9187840f1c99e1a8750aad4216fc7dfdd7df46e6280add14b4822/scipy-1.14.1-cp312-cp312-musllinux_1_2_x86_64.whl", hash = "sha256:edaf02b82cd7639db00dbff629995ef185c8df4c3ffa71a5562a595765a06ce1", size = 42544049 },
    { url = "https://files.pythonhosted.org/packages/aa/7d/43ab67228ef98c6b5dd42ab386eae2d7877036970a0d7e3dd3eb47a0d530/scipy-1.14.1-cp312-cp312-win_amd64.whl", hash = "sha256:2ff38e22128e6c03ff73b6bb0f85f897d2362f8c052e3b8ad00532198fbdae3f", size = 44521212 },
    { url = "https://files.pythonhosted.org/packages/50/ef/ac98346db016ff18a6ad7626a35808f37074d25796fd0234c2bb0ed1e054/scipy-1.14.1-cp313-cp313-macosx_10_13_x86_64.whl", hash = "sha256:1729560c906963fc8389f6aac023739ff3983e727b1a4d87696b7bf108316a79", size = 39091068 },
    { url = "https://files.pythonhosted.org/packages/b9/cc/70948fe9f393b911b4251e96b55bbdeaa8cca41f37c26fd1df0232933b9e/scipy-1.14.1-cp313-cp313-macosx_12_0_arm64.whl", hash = "sha256:4079b90df244709e675cdc8b93bfd8a395d59af40b72e339c2287c91860deb8e", size = 29875417 },
    { url = "https://files.pythonhosted.org/packages/3b/2e/35f549b7d231c1c9f9639f9ef49b815d816bf54dd050da5da1c11517a218/scipy-1.14.1-cp313-cp313-macosx_14_0_arm64.whl", hash = "sha256:e0cf28db0f24a38b2a0ca33a85a54852586e43cf6fd876365c86e0657cfe7d73", size = 23084508 },
    { url = "https://files.pythonhosted.org/packages/3f/d6/b028e3f3e59fae61fb8c0f450db732c43dd1d836223a589a8be9f6377203/scipy-1.14.1-cp313-cp313-macosx_14_0_x86_64.whl", hash = "sha256:0c2f95de3b04e26f5f3ad5bb05e74ba7f68b837133a4492414b3afd79dfe540e", size = 25503364 },
    { url = "https://files.pythonhosted.org/packages/a7/2f/6c142b352ac15967744d62b165537a965e95d557085db4beab2a11f7943b/scipy-1.14.1-cp313-cp313-manylinux_2_17_aarch64.manylinux2014_aarch64.whl", hash = "sha256:b99722ea48b7ea25e8e015e8341ae74624f72e5f21fc2abd45f3a93266de4c5d", size = 35292639 },
    { url = "https://files.pythonhosted.org/packages/56/46/2449e6e51e0d7c3575f289f6acb7f828938eaab8874dbccfeb0cd2b71a27/scipy-1.14.1-cp313-cp313-manylinux_2_17_x86_64.manylinux2014_x86_64.whl", hash = "sha256:5149e3fd2d686e42144a093b206aef01932a0059c2a33ddfa67f5f035bdfe13e", size = 40798288 },
    { url = "https://files.pythonhosted.org/packages/32/cd/9d86f7ed7f4497c9fd3e39f8918dd93d9f647ba80d7e34e4946c0c2d1a7c/scipy-1.14.1-cp313-cp313-musllinux_1_2_x86_64.whl", hash = "sha256:e4f5a7c49323533f9103d4dacf4e4f07078f360743dec7f7596949149efeec06", size = 42524647 },
    { url = "https://files.pythonhosted.org/packages/f5/1b/6ee032251bf4cdb0cc50059374e86a9f076308c1512b61c4e003e241efb7/scipy-1.14.1-cp313-cp313-win_amd64.whl", hash = "sha256:baff393942b550823bfce952bb62270ee17504d02a1801d7fd0719534dfb9c84", size = 44469524 },
]

[[package]]
name = "six"
version = "1.16.0"
source = { registry = "https://pypi.org/simple" }
sdist = { url = "https://files.pythonhosted.org/packages/71/39/171f1c67cd00715f190ba0b100d606d440a28c93c7714febeca8b79af85e/six-1.16.0.tar.gz", hash = "sha256:1e61c37477a1626458e36f7b1d82aa5c9b094fa4802892072e49de9c60c4c926", size = 34041 }
wheels = [
    { url = "https://files.pythonhosted.org/packages/d9/5a/e7c31adbe875f2abbb91bd84cf2dc52d792b5a01506781dbcf25c91daf11/six-1.16.0-py2.py3-none-any.whl", hash = "sha256:8abb2f1d86890a2dfb989f9a77cfcfd3e47c2a354b01111771326f8aa26e0254", size = 11053 },
]

[[package]]
name = "stevedore"
version = "5.4.0"
source = { registry = "https://pypi.org/simple" }
dependencies = [
    { name = "pbr" },
]
sdist = { url = "https://files.pythonhosted.org/packages/4a/e9/4eedccff8332cc40cc60ddd3b28d4c3e255ee7e9c65679fa4533ab98f598/stevedore-5.4.0.tar.gz", hash = "sha256:79e92235ecb828fe952b6b8b0c6c87863248631922c8e8e0fa5b17b232c4514d", size = 513899 }
wheels = [
    { url = "https://files.pythonhosted.org/packages/8f/73/d0091d22a65b55e8fb6aca7b3b6713b5a261dd01cec4cfd28ed127ac0cfc/stevedore-5.4.0-py3-none-any.whl", hash = "sha256:b0be3c4748b3ea7b854b265dcb4caa891015e442416422be16f8b31756107857", size = 49534 },
]

[[package]]
name = "symengine"
version = "0.13.0"
source = { registry = "https://pypi.org/simple" }
sdist = { url = "https://files.pythonhosted.org/packages/6b/ff/a2041497a482a0ae585672fe12cc8983c7fc46ce792811b55a067e5e5516/symengine-0.13.0.tar.gz", hash = "sha256:ab83a08897ebf12579702c2b71ba73d4732fb706cc4291d810aedf39c690c14c", size = 114237 }
wheels = [
    { url = "https://files.pythonhosted.org/packages/a1/b2/786d3efb98ae1c8e0a9869d6901f24a6633bd621f9e4e1427c86bff35abb/symengine-0.13.0-cp312-cp312-macosx_10_13_x86_64.whl", hash = "sha256:cf91d24f1bfd6d53228593c7804dd106b71b19674d5afc4fa322d516e1793bdd", size = 25853458 },
    { url = "https://files.pythonhosted.org/packages/3f/74/78b9e7f17c9b9b345d8ef0dbdefebbfc2c7f00693949c6b5808f8a9e54d8/symengine-0.13.0-cp312-cp312-macosx_11_0_arm64.whl", hash = "sha256:c5615b7eb68890917abd390ebb10434a949165f6064741c1a8cc345fee14e855", size = 22713256 },
    { url = "https://files.pythonhosted.org/packages/1d/a8/69f429946e9a9e63a141dcbe519df8a8c3d56aa75fa8440716871efd8b75/symengine-0.13.0-cp312-cp312-manylinux_2_17_aarch64.manylinux2014_aarch64.whl", hash = "sha256:fb92bdf0890de264abaeacbfbdbd4dd7444b94057bd47958d913b662e549ad8a", size = 60847852 },
    { url = "https://files.pythonhosted.org/packages/f5/3c/a613d5fa73c1b05eb4f0a4bc2bfa21314d37c89dcdb355da684b5f9bea46/symengine-0.13.0-cp312-cp312-manylinux_2_17_ppc64le.manylinux2014_ppc64le.whl", hash = "sha256:7b3bce486fbc0b87970ed1b10ca9d5cafb1fd6b66382fe631261d83592851d7e", size = 89691094 },
    { url = "https://files.pythonhosted.org/packages/90/9f/5a171a9edff23eb0e33e0a2dca295a8b25fd64491ebe8cf765e489bd2bcd/symengine-0.13.0-cp312-cp312-manylinux_2_17_x86_64.manylinux2014_x86_64.whl", hash = "sha256:f7e6bae9cfcdde2775d92fbb0abe3ef04e32f65ebc4c2d164ca33f4da202d4a7", size = 49584342 },
    { url = "https://files.pythonhosted.org/packages/07/16/a69dffc665e5007a0b4f1500fc401316aa070d109f83bc6887802dce199d/symengine-0.13.0-cp312-cp312-win_amd64.whl", hash = "sha256:bced0a1dbdb94737c299384c85ddbad6944ce8dadc334f7bb8dbbd8f6c965807", size = 17787218 },
    { url = "https://files.pythonhosted.org/packages/f2/51/36ea8d87b61f34d585d09ff585cdc2ba136c501e0a96e861fe81fd0efa5b/symengine-0.13.0-cp313-cp313-macosx_10_13_x86_64.whl", hash = "sha256:5d34df77971538e4c29f2d8e5ef7f459c2179465e6cdb7dfd48b79b87ecd8f4d", size = 25838153 },
    { url = "https://files.pythonhosted.org/packages/2a/f7/73cd707633c01760df27d340ac2868788fa0a35034aa09f51f6a289d9a07/symengine-0.13.0-cp313-cp313-macosx_11_0_arm64.whl", hash = "sha256:ab2661d9b18867e7c6edbfa7a74b8b0a2a694bd24aa08003dc3214f77cb9d6f2", size = 22706111 },
    { url = "https://files.pythonhosted.org/packages/bc/e7/a1ddc4cc3f2604b18965342523cddd6160b6406d1ef21b58a2dea1c46312/symengine-0.13.0-cp313-cp313-manylinux_2_17_aarch64.manylinux2014_aarch64.whl", hash = "sha256:53f27b9013878ee4419d8e853664d8ae4b68419e3f4b9b5b7f503d32bf904755", size = 60848269 },
    { url = "https://files.pythonhosted.org/packages/8a/f5/b127d236a8ccce8b85cec8bcb0221cbb6a4e651d6f5511da925e10714a4c/symengine-0.13.0-cp313-cp313-manylinux_2_17_ppc64le.manylinux2014_ppc64le.whl", hash = "sha256:27987f75ce08c64f453e2b9b74fec6ffc5ca418c4deca0b75580979d4a4e242a", size = 89679345 },
    { url = "https://files.pythonhosted.org/packages/49/d0/b07c71dfb6f7f47f90495d67cb0b2264f94f2fb9380e528fe4fcec4c5cfa/symengine-0.13.0-cp313-cp313-manylinux_2_17_x86_64.manylinux2014_x86_64.whl", hash = "sha256:e9ea9410330ea15ed4137d7a0a3c43caccacb71490e18036ce5182d08c93baf8", size = 49582795 },
    { url = "https://files.pythonhosted.org/packages/de/c6/3ce562ec269b033a738b99aa75729d564bfe465a765a5b5810200924f5c9/symengine-0.13.0-cp313-cp313-win_amd64.whl", hash = "sha256:5031eb7a5c6675d5195bb57f93cc7d9ac5a7a9a826d4ad6f6b2927746ed7e6e6", size = 17786679 },
    { url = "https://files.pythonhosted.org/packages/ca/0f/02031b4ed54fb088ade94082e4658160333c2d5c6629ca7e567ea5a23720/symengine-0.13.0-cp313-cp313t-macosx_10_13_x86_64.whl", hash = "sha256:ce0e5dfb19943bcf3e44a4485bcac4c5533ba3705c63083494eed0b3bf246076", size = 25795209 },
    { url = "https://files.pythonhosted.org/packages/34/c0/03e9e34a4e2af73dd786fb966ee3ad7ffa57659e79e4ac390be9e9f6aded/symengine-0.13.0-cp313-cp313t-macosx_11_0_arm64.whl", hash = "sha256:c3b77dc54bf1181f6bd3b3338c4e6e5973a8b0fa20a189d15563ef5626e57b04", size = 22670484 },
    { url = "https://files.pythonhosted.org/packages/9d/13/66c8510403089ee157f0a8930a2e043e6f4de9ee514c8084adb958934058/symengine-0.13.0-cp313-cp313t-manylinux_2_17_aarch64.manylinux2014_aarch64.whl", hash = "sha256:ca7c3f6c168f6f5b06b421833c3d3baae56067a94b671bdffbe09b8e4fefd9be", size = 60739889 },
    { url = "https://files.pythonhosted.org/packages/70/fe/d0c778204d855257865e713fcbfef11dde34621e07fee439d4d117f43203/symengine-0.13.0-cp313-cp313t-manylinux_2_17_ppc64le.manylinux2014_ppc64le.whl", hash = "sha256:847523de682416811bacb3ad11507e663b3522fbb35cd27184757e9956d0eaf0", size = 89405899 },
    { url = "https://files.pythonhosted.org/packages/66/f6/f546e527caf35b7d0f14dbcea278134d4e46d7431821b9ca9f5ec3388a6a/symengine-0.13.0-cp313-cp313t-manylinux_2_17_x86_64.manylinux2014_x86_64.whl", hash = "sha256:ec2fc1b7d96426463f0c9011e9fb88459d906477c1baa8a996dde6fb2bfa99d4", size = 49474632 },
]

[[package]]
name = "sympy"
version = "1.13.3"
source = { registry = "https://pypi.org/simple" }
dependencies = [
    { name = "mpmath" },
]
sdist = { url = "https://files.pythonhosted.org/packages/11/8a/5a7fd6284fa8caac23a26c9ddf9c30485a48169344b4bd3b0f02fef1890f/sympy-1.13.3.tar.gz", hash = "sha256:b27fd2c6530e0ab39e275fc9b683895367e51d5da91baa8d3d64db2565fec4d9", size = 7533196 }
wheels = [
    { url = "https://files.pythonhosted.org/packages/99/ff/c87e0622b1dadea79d2fb0b25ade9ed98954c9033722eb707053d310d4f3/sympy-1.13.3-py3-none-any.whl", hash = "sha256:54612cf55a62755ee71824ce692986f23c88ffa77207b30c1368eda4a7060f73", size = 6189483 },
]

[[package]]
name = "tqdm"
version = "4.67.1"
source = { registry = "https://pypi.org/simple" }
dependencies = [
    { name = "colorama", marker = "platform_system == 'Windows'" },
]
sdist = { url = "https://files.pythonhosted.org/packages/a8/4b/29b4ef32e036bb34e4ab51796dd745cdba7ed47ad142a9f4a1eb8e0c744d/tqdm-4.67.1.tar.gz", hash = "sha256:f8aef9c52c08c13a65f30ea34f4e5aac3fd1a34959879d7e59e63027286627f2", size = 169737 }
wheels = [
    { url = "https://files.pythonhosted.org/packages/d0/30/dc54f88dd4a2b5dc8a0279bdd7270e735851848b762aeb1c1184ed1f6b14/tqdm-4.67.1-py3-none-any.whl", hash = "sha256:26445eca388f82e72884e0d580d5464cd801a3ea01e63e5601bdff9ba6a48de2", size = 78540 },
]

[[package]]
name = "typing-extensions"
version = "4.12.2"
source = { registry = "https://pypi.org/simple" }
sdist = { url = "https://files.pythonhosted.org/packages/df/db/f35a00659bc03fec321ba8bce9420de607a1d37f8342eee1863174c69557/typing_extensions-4.12.2.tar.gz", hash = "sha256:1a7ead55c7e559dd4dee8856e3a88b41225abfe1ce8df57b7c13915fe121ffb8", size = 85321 }
wheels = [
    { url = "https://files.pythonhosted.org/packages/26/9f/ad63fc0248c5379346306f8668cda6e2e2e9c95e01216d2b8ffd9ff037d0/typing_extensions-4.12.2-py3-none-any.whl", hash = "sha256:04e5ca0351e0f3f85c6853954072df659d0d13fac324d0072316b67d7794700d", size = 37438 },
]
